
Microsoft Visual Studio Solution File, Format Version 12.00
# Visual Studio Version 17
VisualStudioVersion = 17.12.35527.113
MinimumVisualStudioVersion = 10.0.40219.1
Project("{2150E333-8FDC-42A3-9474-1A3956D46DE8}") = "Core", "Core", "{9D3CC3AF-A997-4177-9D57-D1DDEEB65442}"
EndProject
Project("{FAE04EC0-301F-11D3-BF4B-00C04F79EFBC}") = "NewCommerce.Domain", "Core\NewCommerce.Domain\NewCommerce.Domain.csproj", "{04B60C33-DF20-415A-835D-C596C3C1B079}"
EndProject
Project("{FAE04EC0-301F-11D3-BF4B-00C04F79EFBC}") = "NewCommerce.Application", "Core\NewCommerce.Application\NewCommerce.Application.csproj", "{171ABE9D-0449-47E7-B5D2-4B73CDEE87FB}"
EndProject
Project("{2150E333-8FDC-42A3-9474-1A3956D46DE8}") = "Infrasturcture", "Infrasturcture", "{98F31196-9A72-40D7-B7E2-76814A5A8D10}"
EndProject
Project("{FAE04EC0-301F-11D3-BF4B-00C04F79EFBC}") = "NewCommerce.Infrastructure", "Infrastructure\NewCommerce.Infrastructure\NewCommerce.Infrastructure.csproj", "{CFD967E0-40D8-4828-94A1-C827F5CEB34C}"
EndProject
Project("{FAE04EC0-301F-11D3-BF4B-00C04F79EFBC}") = "NewCommerce.Persistence", "Infrastructure\NewCommerce.Persistence\NewCommerce.Persistence.csproj", "{9A0B90C8-CFE4-4F75-B6DD-C5D911909643}"
EndProject
Project("{2150E333-8FDC-42A3-9474-1A3956D46DE8}") = "Persentetion", "Persentetion", "{6174DC68-8BC6-40DA-8BB0-8DFF638B6AC8}"
EndProject
Project("{FAE04EC0-301F-11D3-BF4B-00C04F79EFBC}") = "NewCommerce.Api", "Presentation\NewCommerce.Api\NewCommerce.Api.csproj", "{B960FADD-9840-433C-B0C1-B87E816BB5E9}"
EndProject
Project("{FAE04EC0-301F-11D3-BF4B-00C04F79EFBC}") = "NewCommerce.SignalR", "Infrastructure\NewCommerce.SignalR\NewCommerce.SignalR.csproj", "{27168BE2-F10D-4210-8213-A8E3ED924AC2}"
EndProject
Global
	GlobalSection(SolutionConfigurationPlatforms) = preSolution
		Debug|Any CPU = Debug|Any CPU
		Release|Any CPU = Release|Any CPU
	EndGlobalSection
	GlobalSection(ProjectConfigurationPlatforms) = postSolution
		{04B60C33-DF20-415A-835D-C596C3C1B079}.Debug|Any CPU.ActiveCfg = Debug|Any CPU
		{04B60C33-DF20-415A-835D-C596C3C1B079}.Debug|Any CPU.Build.0 = Debug|Any CPU
		{04B60C33-DF20-415A-835D-C596C3C1B079}.Release|Any CPU.ActiveCfg = Release|Any CPU
		{04B60C33-DF20-415A-835D-C596C3C1B079}.Release|Any CPU.Build.0 = Release|Any CPU
		{171ABE9D-0449-47E7-B5D2-4B73CDEE87FB}.Debug|Any CPU.ActiveCfg = Debug|Any CPU
		{171ABE9D-0449-47E7-B5D2-4B73CDEE87FB}.Debug|Any CPU.Build.0 = Debug|Any CPU
		{171ABE9D-0449-47E7-B5D2-4B73CDEE87FB}.Release|Any CPU.ActiveCfg = Release|Any CPU
		{171ABE9D-0449-47E7-B5D2-4B73CDEE87FB}.Release|Any CPU.Build.0 = Release|Any CPU
		{CFD967E0-40D8-4828-94A1-C827F5CEB34C}.Debug|Any CPU.ActiveCfg = Debug|Any CPU
		{CFD967E0-40D8-4828-94A1-C827F5CEB34C}.Debug|Any CPU.Build.0 = Debug|Any CPU
		{CFD967E0-40D8-4828-94A1-C827F5CEB34C}.Release|Any CPU.ActiveCfg = Release|Any CPU
		{CFD967E0-40D8-4828-94A1-C827F5CEB34C}.Release|Any CPU.Build.0 = Release|Any CPU
		{9A0B90C8-CFE4-4F75-B6DD-C5D911909643}.Debug|Any CPU.ActiveCfg = Debug|Any CPU
		{9A0B90C8-CFE4-4F75-B6DD-C5D911909643}.Debug|Any CPU.Build.0 = Debug|Any CPU
		{9A0B90C8-CFE4-4F75-B6DD-C5D911909643}.Release|Any CPU.ActiveCfg = Release|Any CPU
		{9A0B90C8-CFE4-4F75-B6DD-C5D911909643}.Release|Any CPU.Build.0 = Release|Any CPU
		{B960FADD-9840-433C-B0C1-B87E816BB5E9}.Debug|Any CPU.ActiveCfg = Debug|Any CPU
		{B960FADD-9840-433C-B0C1-B87E816BB5E9}.Debug|Any CPU.Build.0 = Debug|Any CPU
		{B960FADD-9840-433C-B0C1-B87E816BB5E9}.Release|Any CPU.ActiveCfg = Release|Any CPU
		{B960FADD-9840-433C-B0C1-B87E816BB5E9}.Release|Any CPU.Build.0 = Release|Any CPU
		{27168BE2-F10D-4210-8213-A8E3ED924AC2}.Debug|Any CPU.ActiveCfg = Debug|Any CPU
		{27168BE2-F10D-4210-8213-A8E3ED924AC2}.Debug|Any CPU.Build.0 = Debug|Any CPU
		{27168BE2-F10D-4210-8213-A8E3ED924AC2}.Release|Any CPU.ActiveCfg = Release|Any CPU
		{27168BE2-F10D-4210-8213-A8E3ED924AC2}.Release|Any CPU.Build.0 = Release|Any CPU
	EndGlobalSection
	GlobalSection(SolutionProperties) = preSolution
		HideSolutionNode = FALSE
	EndGlobalSection
	GlobalSection(NestedProjects) = preSolution
		{04B60C33-DF20-415A-835D-C596C3C1B079} = {9D3CC3AF-A997-4177-9D57-D1DDEEB65442}
		{171ABE9D-0449-47E7-B5D2-4B73CDEE87FB} = {9D3CC3AF-A997-4177-9D57-D1DDEEB65442}
		{CFD967E0-40D8-4828-94A1-C827F5CEB34C} = {98F31196-9A72-40D7-B7E2-76814A5A8D10}
		{9A0B90C8-CFE4-4F75-B6DD-C5D911909643} = {98F31196-9A72-40D7-B7E2-76814A5A8D10}
		{B960FADD-9840-433C-B0C1-B87E816BB5E9} = {6174DC68-8BC6-40DA-8BB0-8DFF638B6AC8}
		{27168BE2-F10D-4210-8213-A8E3ED924AC2} = {98F31196-9A72-40D7-B7E2-76814A5A8D10}
	EndGlobalSection
EndGlobal
